
Microsoft Visual Studio Solution File, Format Version 12.00
# Visual Studio Version 16
VisualStudioVersion = 16.0.30517.126
MinimumVisualStudioVersion = 10.0.40219.1
Project("{FAE04EC0-301F-11D3-BF4B-00C04F79EFBC}") = "OTLoginServer", "OTLoginServer\OTLoginServer.csproj", "{725D795D-369B-4FED-9779-EFE1652EC730}"
EndProject
Global
	GlobalSection(SolutionConfigurationPlatforms) = preSolution
		Debug|Any CPU = Debug|Any CPU
		Release|Any CPU = Release|Any CPU
	EndGlobalSection
	GlobalSection(ProjectConfigurationPlatforms) = postSolution
		{725D795D-369B-4FED-9779-EFE1652EC730}.Debug|Any CPU.ActiveCfg = Debug|Any CPU
		{725D795D-369B-4FED-9779-EFE1652EC730}.Debug|Any CPU.Build.0 = Debug|Any CPU
		{725D795D-369B-4FED-9779-EFE1652EC730}.Release|Any CPU.ActiveCfg = Release|Any CPU
		{725D795D-369B-4FED-9779-EFE1652EC730}.Release|Any CPU.Build.0 = Release|Any CPU
	EndGlobalSection
	GlobalSection(SolutionProperties) = preSolution
		HideSolutionNode = FALSE
	EndGlobalSection
	GlobalSection(ExtensibilityGlobals) = postSolution
		SolutionGuid = {2E651EBC-EDD1-4E2D-A83F-9F250FE4C4EE}
	EndGlobalSection
EndGlobal
